
Microsoft Visual Studio Solution File, Format Version 12.00
# Visual Studio 15
VisualStudioVersion = 15.0.28307.705
MinimumVisualStudioVersion = 10.0.40219.1
Project("{9A19103F-16F7-4668-BE54-9A1E7A4F7556}") = "CJ.Web", "CJ.Web\CJ.Web.csproj", "{65749F10-B415-41E8-A519-F041BAD8DD3F}"
EndProject
Project("{9A19103F-16F7-4668-BE54-9A1E7A4F7556}") = "CJ.Application", "CJ.Application\CJ.Application.csproj", "{CEF08D18-173D-4225-946B-BA26CF3AF4D3}"
EndProject
Project("{9A19103F-16F7-4668-BE54-9A1E7A4F7556}") = "CJ.Data", "CJ.Data\CJ.Data.csproj", "{DC87CC67-F619-4B76-8BD4-4885ADD8DAE0}"
EndProject
Project("{9A19103F-16F7-4668-BE54-9A1E7A4F7556}") = "CJ.Core", "CJ.Core\CJ.Core.csproj", "{15E229E9-CACE-4063-9638-370470F8515E}"
EndProject
Project("{9A19103F-16F7-4668-BE54-9A1E7A4F7556}") = "CJ.Entities", "Cj.Entities\CJ.Entities.csproj", "{FFDE4F96-B5A1-44E9-94D8-94674B19C2CB}"
EndProject
Project("{9A19103F-16F7-4668-BE54-9A1E7A4F7556}") = "CJ.Domain", "CJ.Domain\CJ.Domain.csproj", "{555225A0-698A-48BE-B086-C8148EBCB5D5}"
EndProject
Project("{9A19103F-16F7-4668-BE54-9A1E7A4F7556}") = "CJ.Repositories", "CJ.Repositories\CJ.Repositories.csproj", "{EB58CACD-9319-4C1A-95ED-D57685F0FB3A}"
EndProject
Project("{9A19103F-16F7-4668-BE54-9A1E7A4F7556}") = "CJ.WebApi", "CJ.WebApi\CJ.WebApi.csproj", "{865FB3A7-8263-4B8F-99E8-B482585AA10A}"
EndProject
Project("{9A19103F-16F7-4668-BE54-9A1E7A4F7556}") = "CJ.Framwork", "CJ.Framwork\CJ.Framwork.csproj", "{CD5460DA-7B09-42DB-9B78-043A1CDF5AD2}"
EndProject
Project("{9A19103F-16F7-4668-BE54-9A1E7A4F7556}") = "IdentityServer", "IdentityServer\IdentityServer.csproj", "{585BADB6-1A6E-45A8-838B-2C4633D76DA3}"
EndProject
Project("{E24C65DC-7377-472B-9ABA-BC803B73C61A}") = "ant-design-pro-master", "ant-design-pro-master\", "{97820EBB-4253-49A6-85EA-EF59755774D3}"
	ProjectSection(WebsiteProperties) = preProject
		TargetFrameworkMoniker = ".NETFramework,Version%3Dv4.0"
		Debug.AspNetCompiler.VirtualPath = "/localhost_60665"
		Debug.AspNetCompiler.PhysicalPath = "ant-design-pro-master\"
		Debug.AspNetCompiler.TargetPath = "PrecompiledWeb\localhost_60665\"
		Debug.AspNetCompiler.Updateable = "true"
		Debug.AspNetCompiler.ForceOverwrite = "true"
		Debug.AspNetCompiler.FixedNames = "false"
		Debug.AspNetCompiler.Debug = "True"
		Release.AspNetCompiler.VirtualPath = "/localhost_60665"
		Release.AspNetCompiler.PhysicalPath = "ant-design-pro-master\"
		Release.AspNetCompiler.TargetPath = "PrecompiledWeb\localhost_60665\"
		Release.AspNetCompiler.Updateable = "true"
		Release.AspNetCompiler.ForceOverwrite = "true"
		Release.AspNetCompiler.FixedNames = "false"
		Release.AspNetCompiler.Debug = "False"
		VWDPort = "60665"
		SlnRelativePath = "ant-design-pro-master\"
	EndProjectSection
EndProject
Project("{FAE04EC0-301F-11D3-BF4B-00C04F79EFBC}") = "CJ.Models", "CJ.Models\CJ.Models.csproj", "{B4C21E15-F9A9-4855-8E7A-EEADA02E98BE}"
EndProject
Global
	GlobalSection(SolutionConfigurationPlatforms) = preSolution
		Debug|Any CPU = Debug|Any CPU
		Release|Any CPU = Release|Any CPU
	EndGlobalSection
	GlobalSection(ProjectConfigurationPlatforms) = postSolution
		{65749F10-B415-41E8-A519-F041BAD8DD3F}.Debug|Any CPU.ActiveCfg = Debug|Any CPU
		{65749F10-B415-41E8-A519-F041BAD8DD3F}.Debug|Any CPU.Build.0 = Debug|Any CPU
		{65749F10-B415-41E8-A519-F041BAD8DD3F}.Release|Any CPU.ActiveCfg = Release|Any CPU
		{65749F10-B415-41E8-A519-F041BAD8DD3F}.Release|Any CPU.Build.0 = Release|Any CPU
		{CEF08D18-173D-4225-946B-BA26CF3AF4D3}.Debug|Any CPU.ActiveCfg = Debug|Any CPU
		{CEF08D18-173D-4225-946B-BA26CF3AF4D3}.Debug|Any CPU.Build.0 = Debug|Any CPU
		{CEF08D18-173D-4225-946B-BA26CF3AF4D3}.Release|Any CPU.ActiveCfg = Release|Any CPU
		{CEF08D18-173D-4225-946B-BA26CF3AF4D3}.Release|Any CPU.Build.0 = Release|Any CPU
		{DC87CC67-F619-4B76-8BD4-4885ADD8DAE0}.Debug|Any CPU.ActiveCfg = Debug|Any CPU
		{DC87CC67-F619-4B76-8BD4-4885ADD8DAE0}.Debug|Any CPU.Build.0 = Debug|Any CPU
		{DC87CC67-F619-4B76-8BD4-4885ADD8DAE0}.Release|Any CPU.ActiveCfg = Release|Any CPU
		{DC87CC67-F619-4B76-8BD4-4885ADD8DAE0}.Release|Any CPU.Build.0 = Release|Any CPU
		{15E229E9-CACE-4063-9638-370470F8515E}.Debug|Any CPU.ActiveCfg = Debug|Any CPU
		{15E229E9-CACE-4063-9638-370470F8515E}.Debug|Any CPU.Build.0 = Debug|Any CPU
		{15E229E9-CACE-4063-9638-370470F8515E}.Release|Any CPU.ActiveCfg = Release|Any CPU
		{15E229E9-CACE-4063-9638-370470F8515E}.Release|Any CPU.Build.0 = Release|Any CPU
		{FFDE4F96-B5A1-44E9-94D8-94674B19C2CB}.Debug|Any CPU.ActiveCfg = Debug|Any CPU
		{FFDE4F96-B5A1-44E9-94D8-94674B19C2CB}.Debug|Any CPU.Build.0 = Debug|Any CPU
		{FFDE4F96-B5A1-44E9-94D8-94674B19C2CB}.Release|Any CPU.ActiveCfg = Release|Any CPU
		{FFDE4F96-B5A1-44E9-94D8-94674B19C2CB}.Release|Any CPU.Build.0 = Release|Any CPU
		{555225A0-698A-48BE-B086-C8148EBCB5D5}.Debug|Any CPU.ActiveCfg = Debug|Any CPU
		{555225A0-698A-48BE-B086-C8148EBCB5D5}.Debug|Any CPU.Build.0 = Debug|Any CPU
		{555225A0-698A-48BE-B086-C8148EBCB5D5}.Release|Any CPU.ActiveCfg = Release|Any CPU
		{555225A0-698A-48BE-B086-C8148EBCB5D5}.Release|Any CPU.Build.0 = Release|Any CPU
		{EB58CACD-9319-4C1A-95ED-D57685F0FB3A}.Debug|Any CPU.ActiveCfg = Debug|Any CPU
		{EB58CACD-9319-4C1A-95ED-D57685F0FB3A}.Debug|Any CPU.Build.0 = Debug|Any CPU
		{EB58CACD-9319-4C1A-95ED-D57685F0FB3A}.Release|Any CPU.ActiveCfg = Release|Any CPU
		{EB58CACD-9319-4C1A-95ED-D57685F0FB3A}.Release|Any CPU.Build.0 = Release|Any CPU
		{865FB3A7-8263-4B8F-99E8-B482585AA10A}.Debug|Any CPU.ActiveCfg = Debug|Any CPU
		{865FB3A7-8263-4B8F-99E8-B482585AA10A}.Debug|Any CPU.Build.0 = Debug|Any CPU
		{865FB3A7-8263-4B8F-99E8-B482585AA10A}.Release|Any CPU.ActiveCfg = Release|Any CPU
		{865FB3A7-8263-4B8F-99E8-B482585AA10A}.Release|Any CPU.Build.0 = Release|Any CPU
		{CD5460DA-7B09-42DB-9B78-043A1CDF5AD2}.Debug|Any CPU.ActiveCfg = Debug|Any CPU
		{CD5460DA-7B09-42DB-9B78-043A1CDF5AD2}.Debug|Any CPU.Build.0 = Debug|Any CPU
		{CD5460DA-7B09-42DB-9B78-043A1CDF5AD2}.Release|Any CPU.ActiveCfg = Release|Any CPU
		{CD5460DA-7B09-42DB-9B78-043A1CDF5AD2}.Release|Any CPU.Build.0 = Release|Any CPU
		{585BADB6-1A6E-45A8-838B-2C4633D76DA3}.Debug|Any CPU.ActiveCfg = Debug|Any CPU
		{585BADB6-1A6E-45A8-838B-2C4633D76DA3}.Debug|Any CPU.Build.0 = Debug|Any CPU
		{585BADB6-1A6E-45A8-838B-2C4633D76DA3}.Release|Any CPU.ActiveCfg = Release|Any CPU
		{585BADB6-1A6E-45A8-838B-2C4633D76DA3}.Release|Any CPU.Build.0 = Release|Any CPU
		{97820EBB-4253-49A6-85EA-EF59755774D3}.Debug|Any CPU.ActiveCfg = Debug|Any CPU
		{97820EBB-4253-49A6-85EA-EF59755774D3}.Debug|Any CPU.Build.0 = Debug|Any CPU
		{97820EBB-4253-49A6-85EA-EF59755774D3}.Release|Any CPU.ActiveCfg = Debug|Any CPU
		{97820EBB-4253-49A6-85EA-EF59755774D3}.Release|Any CPU.Build.0 = Debug|Any CPU
		{B4C21E15-F9A9-4855-8E7A-EEADA02E98BE}.Debug|Any CPU.ActiveCfg = Debug|Any CPU
		{B4C21E15-F9A9-4855-8E7A-EEADA02E98BE}.Debug|Any CPU.Build.0 = Debug|Any CPU
		{B4C21E15-F9A9-4855-8E7A-EEADA02E98BE}.Release|Any CPU.ActiveCfg = Release|Any CPU
		{B4C21E15-F9A9-4855-8E7A-EEADA02E98BE}.Release|Any CPU.Build.0 = Release|Any CPU
	EndGlobalSection
	GlobalSection(SolutionProperties) = preSolution
		HideSolutionNode = FALSE
	EndGlobalSection
	GlobalSection(ExtensibilityGlobals) = postSolution
		SolutionGuid = {E30373B0-BC91-4EFC-802B-9E3FB4281A13}
	EndGlobalSection
EndGlobal
